// !$*UTF8*$!
{
	archiveVersion = 1;
	classes = {
	};
	objectVersion = 56;
	objects = {

/* Begin PBXBuildFile section */
		5CA509B52AE5CC4B00545D53 /* ThreeSidedTechTestApp.swift in Sources */ = {isa = PBXBuildFile; fileRef = 5CA509B42AE5CC4B00545D53 /* ThreeSidedTechTestApp.swift */; };
		5CA509B72AE5CC4B00545D53 /* NominationsView.swift in Sources */ = {isa = PBXBuildFile; fileRef = 5CA509B62AE5CC4B00545D53 /* NominationsView.swift */; };
		5CA509B92AE5CC4C00545D53 /* Assets.xcassets in Resources */ = {isa = PBXBuildFile; fileRef = 5CA509B82AE5CC4C00545D53 /* Assets.xcassets */; };
		5CA509BC2AE5CC4C00545D53 /* Preview Assets.xcassets in Resources */ = {isa = PBXBuildFile; fileRef = 5CA509BB2AE5CC4C00545D53 /* Preview Assets.xcassets */; };
		5CDC22B82AE5D0D7007FF668 /* NavigationBar.swift in Sources */ = {isa = PBXBuildFile; fileRef = 5CDC22B72AE5D0D7007FF668 /* NavigationBar.swift */; };
		5CF633EB2AE5F83400D63889 /* BottomButton.swift in Sources */ = {isa = PBXBuildFile; fileRef = 5CF633EA2AE5F83400D63889 /* BottomButton.swift */; };
/* End PBXBuildFile section */

/* Begin PBXFileReference section */
		5CA509B12AE5CC4B00545D53 /* ThreeSidedTechTest.app */ = {isa = PBXFileReference; explicitFileType = wrapper.application; includeInIndex = 0; path = ThreeSidedTechTest.app; sourceTree = BUILT_PRODUCTS_DIR; };
		5CA509B42AE5CC4B00545D53 /* ThreeSidedTechTestApp.swift */ = {isa = PBXFileReference; lastKnownFileType = sourcecode.swift; path = ThreeSidedTechTestApp.swift; sourceTree = "<group>"; };
		5CA509B62AE5CC4B00545D53 /* NominationsView.swift */ = {isa = PBXFileReference; lastKnownFileType = sourcecode.swift; path = NominationsView.swift; sourceTree = "<group>"; };
		5CA509B82AE5CC4C00545D53 /* Assets.xcassets */ = {isa = PBXFileReference; lastKnownFileType = folder.assetcatalog; path = Assets.xcassets; sourceTree = "<group>"; };
		5CA509BB2AE5CC4C00545D53 /* Preview Assets.xcassets */ = {isa = PBXFileReference; lastKnownFileType = folder.assetcatalog; path = "Preview Assets.xcassets"; sourceTree = "<group>"; };
		5CDC22B72AE5D0D7007FF668 /* NavigationBar.swift */ = {isa = PBXFileReference; lastKnownFileType = sourcecode.swift; path = NavigationBar.swift; sourceTree = "<group>"; };
		5CF633EA2AE5F83400D63889 /* BottomButton.swift */ = {isa = PBXFileReference; lastKnownFileType = sourcecode.swift; path = BottomButton.swift; sourceTree = "<group>"; };
/* End PBXFileReference section */

/* Begin PBXFrameworksBuildPhase section */
		5CA509AE2AE5CC4B00545D53 /* Frameworks */ = {
			isa = PBXFrameworksBuildPhase;
			buildActionMask = 2147483647;
			files = (
			);
			runOnlyForDeploymentPostprocessing = 0;
		};
/* End PBXFrameworksBuildPhase section */

/* Begin PBXGroup section */
		5CA509A82AE5CC4B00545D53 = {
			isa = PBXGroup;
			children = (
				5CA509B32AE5CC4B00545D53 /* ThreeSidedTechTest */,
				5CA509B22AE5CC4B00545D53 /* Products */,
			);
			sourceTree = "<group>";
		};
		5CA509B22AE5CC4B00545D53 /* Products */ = {
			isa = PBXGroup;
			children = (
				5CA509B12AE5CC4B00545D53 /* ThreeSidedTechTest.app */,
			);
			name = Products;
			sourceTree = "<group>";
		};
		5CA509B32AE5CC4B00545D53 /* ThreeSidedTechTest */ = {
			isa = PBXGroup;
			children = (
				5CF633E92AE5F82100D63889 /* ReusableViews */,
				5CA509B42AE5CC4B00545D53 /* ThreeSidedTechTestApp.swift */,
				5CA509B62AE5CC4B00545D53 /* NominationsView.swift */,
				5CA509B82AE5CC4C00545D53 /* Assets.xcassets */,
				5CA509BA2AE5CC4C00545D53 /* Preview Content */,
			);
			path = ThreeSidedTechTest;
			sourceTree = "<group>";
		};
		5CA509BA2AE5CC4C00545D53 /* Preview Content */ = {
			isa = PBXGroup;
			children = (
				5CA509BB2AE5CC4C00545D53 /* Preview Assets.xcassets */,
			);
			path = "Preview Content";
			sourceTree = "<group>";
		};
		5CF633E92AE5F82100D63889 /* ReusableViews */ = {
			isa = PBXGroup;
			children = (
				5CDC22B72AE5D0D7007FF668 /* NavigationBar.swift */,
				5CF633EA2AE5F83400D63889 /* BottomButton.swift */,
			);
			path = ReusableViews;
			sourceTree = "<group>";
		};
/* End PBXGroup section */

/* Begin PBXNativeTarget section */
		5CA509B02AE5CC4B00545D53 /* ThreeSidedTechTest */ = {
			isa = PBXNativeTarget;
			buildConfigurationList = 5CA509BF2AE5CC4C00545D53 /* Build configuration list for PBXNativeTarget "ThreeSidedTechTest" */;
			buildPhases = (
				5CA509AD2AE5CC4B00545D53 /* Sources */,
				5CA509AE2AE5CC4B00545D53 /* Frameworks */,
				5CA509AF2AE5CC4B00545D53 /* Resources */,
				5CDC22B92AE5D3E8007FF668 /* ShellScript */,
			);
			buildRules = (
			);
			dependencies = (
			);
			name = ThreeSidedTechTest;
			productName = ThreeSidedTechTest;
			productReference = 5CA509B12AE5CC4B00545D53 /* ThreeSidedTechTest.app */;
			productType = "com.apple.product-type.application";
		};
/* End PBXNativeTarget section */

/* Begin PBXProject section */
		5CA509A92AE5CC4B00545D53 /* Project object */ = {
			isa = PBXProject;
			attributes = {
				BuildIndependentTargetsInParallel = 1;
				LastSwiftUpdateCheck = 1430;
				LastUpgradeCheck = 1430;
				TargetAttributes = {
					5CA509B02AE5CC4B00545D53 = {
						CreatedOnToolsVersion = 14.3;
					};
				};
			};
			buildConfigurationList = 5CA509AC2AE5CC4B00545D53 /* Build configuration list for PBXProject "ThreeSidedTechTest" */;
			compatibilityVersion = "Xcode 14.0";
			developmentRegion = en;
			hasScannedForEncodings = 0;
			knownRegions = (
				en,
				Base,
			);
			mainGroup = 5CA509A82AE5CC4B00545D53;
			productRefGroup = 5CA509B22AE5CC4B00545D53 /* Products */;
			projectDirPath = "";
			projectRoot = "";
			targets = (
				5CA509B02AE5CC4B00545D53 /* ThreeSidedTechTest */,
			);
		};
/* End PBXProject section */

/* Begin PBXResourcesBuildPhase section */
		5CA509AF2AE5CC4B00545D53 /* Resources */ = {
			isa = PBXResourcesBuildPhase;
			buildActionMask = 2147483647;
			files = (
				5CA509BC2AE5CC4C00545D53 /* Preview Assets.xcassets in Resources */,
				5CA509B92AE5CC4C00545D53 /* Assets.xcassets in Resources */,
			);
			runOnlyForDeploymentPostprocessing = 0;
		};
/* End PBXResourcesBuildPhase section */

/* Begin PBXShellScriptBuildPhase section */
		5CDC22B92AE5D3E8007FF668 /* ShellScript */ = {
			isa = PBXShellScriptBuildPhase;
			buildActionMask = 2147483647;
			files = (
			);
			inputFileListPaths = (
			);
			inputPaths = (
			);
			outputFileListPaths = (
			);
			outputPaths = (
			);
			runOnlyForDeploymentPostprocessing = 0;
			shellPath = /bin/sh;
			shellScript = "export PATH=\"$PATH:/opt/homebrew/bin\"\nif which swiftlint > /dev/null; then\n  swiftlint\nelse\n  echo \"warning: SwiftLint not installed, download from https://github.com/realm/SwiftLint\"\nfi\n";
		};
/* End PBXShellScriptBuildPhase section */

/* Begin PBXSourcesBuildPhase section */
		5CA509AD2AE5CC4B00545D53 /* Sources */ = {
			isa = PBXSourcesBuildPhase;
			buildActionMask = 2147483647;
			files = (
				5CA509B72AE5CC4B00545D53 /* NominationsView.swift in Sources */,
				5CA509B52AE5CC4B00545D53 /* ThreeSidedTechTestApp.swift in Sources */,
				5CF633EB2AE5F83400D63889 /* BottomButton.swift in Sources */,
				5CDC22B82AE5D0D7007FF668 /* NavigationBar.swift in Sources */,
			);
			runOnlyForDeploymentPostprocessing = 0;
		};
/* End PBXSourcesBuildPhase section */

/* Begin XCBuildConfiguration section */
		5CA509BD2AE5CC4C00545D53 /* Debug */ = {
			isa = XCBuildConfiguration;
			buildSettings = {
				ALWAYS_SEARCH_USER_PATHS = NO;
				CLANG_ANALYZER_NONNULL = YES;
				CLANG_ANALYZER_NUMBER_OBJECT_CONVERSION = YES_AGGRESSIVE;
				CLANG_CXX_LANGUAGE_STANDARD = "gnu++20";
				CLANG_ENABLE_MODULES = YES;
				CLANG_ENABLE_OBJC_ARC = YES;
				CLANG_ENABLE_OBJC_WEAK = YES;
				CLANG_WARN_BLOCK_CAPTURE_AUTORELEASING = YES;
				CLANG_WARN_BOOL_CONVERSION = YES;
				CLANG_WARN_COMMA = YES;
				CLANG_WARN_CONSTANT_CONVERSION = YES;
				CLANG_WARN_DEPRECATED_OBJC_IMPLEMENTATIONS = YES;
				CLANG_WARN_DIRECT_OBJC_ISA_USAGE = YES_ERROR;
				CLANG_WARN_DOCUMENTATION_COMMENTS = YES;
				CLANG_WARN_EMPTY_BODY = YES;
				CLANG_WARN_ENUM_CONVERSION = YES;
				CLANG_WARN_INFINITE_RECURSION = YES;
				CLANG_WARN_INT_CONVERSION = YES;
				CLANG_WARN_NON_LITERAL_NULL_CONVERSION = YES;
				CLANG_WARN_OBJC_IMPLICIT_RETAIN_SELF = YES;
				CLANG_WARN_OBJC_LITERAL_CONVERSION = YES;
				CLANG_WARN_OBJC_ROOT_CLASS = YES_ERROR;
				CLANG_WARN_QUOTED_INCLUDE_IN_FRAMEWORK_HEADER = YES;
				CLANG_WARN_RANGE_LOOP_ANALYSIS = YES;
				CLANG_WARN_STRICT_PROTOTYPES = YES;
				CLANG_WARN_SUSPICIOUS_MOVE = YES;
				CLANG_WARN_UNGUARDED_AVAILABILITY = YES_AGGRESSIVE;
				CLANG_WARN_UNREACHABLE_CODE = YES;
				CLANG_WARN__DUPLICATE_METHOD_MATCH = YES;
				COPY_PHASE_STRIP = NO;
				DEBUG_INFORMATION_FORMAT = dwarf;
				ENABLE_STRICT_OBJC_MSGSEND = YES;
				ENABLE_TESTABILITY = YES;
				GCC_C_LANGUAGE_STANDARD = gnu11;
				GCC_DYNAMIC_NO_PIC = NO;
				GCC_NO_COMMON_BLOCKS = YES;
				GCC_OPTIMIZATION_LEVEL = 0;
				GCC_PREPROCESSOR_DEFINITIONS = (
					"DEBUG=1",
					"$(inherited)",
				);
				GCC_WARN_64_TO_32_BIT_CONVERSION = YES;
				GCC_WARN_ABOUT_RETURN_TYPE = YES_ERROR;
				GCC_WARN_UNDECLARED_SELECTOR = YES;
				GCC_WARN_UNINITIALIZED_AUTOS = YES_AGGRESSIVE;
				GCC_WARN_UNUSED_FUNCTION = YES;
				GCC_WARN_UNUSED_VARIABLE = YES;
				IPHONEOS_DEPLOYMENT_TARGET = 16.4;
				MTL_ENABLE_DEBUG_INFO = INCLUDE_SOURCE;
				MTL_FAST_MATH = YES;
				ONLY_ACTIVE_ARCH = YES;
				SDKROOT = iphoneos;
				SWIFT_ACTIVE_COMPILATION_CONDITIONS = DEBUG;
				SWIFT_OPTIMIZATION_LEVEL = "-Onone";
			};
			name = Debug;
		};
		5CA509BE2AE5CC4C00545D53 /* Release */ = {
			isa = XCBuildConfiguration;
			buildSettings = {
				ALWAYS_SEARCH_USER_PATHS = NO;
				CLANG_ANALYZER_NONNULL = YES;
				CLANG_ANALYZER_NUMBER_OBJECT_CONVERSION = YES_AGGRESSIVE;
				CLANG_CXX_LANGUAGE_STANDARD = "gnu++20";
				CLANG_ENABLE_MODULES = YES;
				CLANG_ENABLE_OBJC_ARC = YES;
				CLANG_ENABLE_OBJC_WEAK = YES;
				CLANG_WARN_BLOCK_CAPTURE_AUTORELEASING = YES;
				CLANG_WARN_BOOL_CONVERSION = YES;
				CLANG_WARN_COMMA = YES;
				CLANG_WARN_CONSTANT_CONVERSION = YES;
				CLANG_WARN_DEPRECATED_OBJC_IMPLEMENTATIONS = YES;
				CLANG_WARN_DIRECT_OBJC_ISA_USAGE = YES_ERROR;
				CLANG_WARN_DOCUMENTATION_COMMENTS = YES;
				CLANG_WARN_EMPTY_BODY = YES;
				CLANG_WARN_ENUM_CONVERSION = YES;
				CLANG_WARN_INFINITE_RECURSION = YES;
				CLANG_WARN_INT_CONVERSION = YES;
				CLANG_WARN_NON_LITERAL_NULL_CONVERSION = YES;
				CLANG_WARN_OBJC_IMPLICIT_RETAIN_SELF = YES;
				CLANG_WARN_OBJC_LITERAL_CONVERSION = YES;
				CLANG_WARN_OBJC_ROOT_CLASS = YES_ERROR;
				CLANG_WARN_QUOTED_INCLUDE_IN_FRAMEWORK_HEADER = YES;
				CLANG_WARN_RANGE_LOOP_ANALYSIS = YES;
				CLANG_WARN_STRICT_PROTOTYPES = YES;
				CLANG_WARN_SUSPICIOUS_MOVE = YES;
				CLANG_WARN_UNGUARDED_AVAILABILITY = YES_AGGRESSIVE;
				CLANG_WARN_UNREACHABLE_CODE = YES;
				CLANG_WARN__DUPLICATE_METHOD_MATCH = YES;
				COPY_PHASE_STRIP = NO;
				DEBUG_INFORMATION_FORMAT = "dwarf-with-dsym";
				ENABLE_NS_ASSERTIONS = NO;
				ENABLE_STRICT_OBJC_MSGSEND = YES;
				GCC_C_LANGUAGE_STANDARD = gnu11;
				GCC_NO_COMMON_BLOCKS = YES;
				GCC_WARN_64_TO_32_BIT_CONVERSION = YES;
				GCC_WARN_ABOUT_RETURN_TYPE = YES_ERROR;
				GCC_WARN_UNDECLARED_SELECTOR = YES;
				GCC_WARN_UNINITIALIZED_AUTOS = YES_AGGRESSIVE;
				GCC_WARN_UNUSED_FUNCTION = YES;
				GCC_WARN_UNUSED_VARIABLE = YES;
				IPHONEOS_DEPLOYMENT_TARGET = 16.4;
				MTL_ENABLE_DEBUG_INFO = NO;
				MTL_FAST_MATH = YES;
				SDKROOT = iphoneos;
				SWIFT_COMPILATION_MODE = wholemodule;
				SWIFT_OPTIMIZATION_LEVEL = "-O";
				VALIDATE_PRODUCT = YES;
			};
			name = Release;
		};
		5CA509C02AE5CC4C00545D53 /* Debug */ = {
			isa = XCBuildConfiguration;
			buildSettings = {
				ASSETCATALOG_COMPILER_APPICON_NAME = AppIcon;
				ASSETCATALOG_COMPILER_GLOBAL_ACCENT_COLOR_NAME = AccentColor;
				CODE_SIGN_STYLE = Automatic;
				CURRENT_PROJECT_VERSION = 1;
				DEVELOPMENT_ASSET_PATHS = "\"ThreeSidedTechTest/Preview Content\"";
				DEVELOPMENT_TEAM = GPZK4U9M36;
				ENABLE_PREVIEWS = YES;
				GENERATE_INFOPLIST_FILE = YES;
				INFOPLIST_KEY_UIApplicationSceneManifest_Generation = YES;
				INFOPLIST_KEY_UIApplicationSupportsIndirectInputEvents = YES;
				INFOPLIST_KEY_UILaunchScreen_Generation = YES;
				INFOPLIST_KEY_UISupportedInterfaceOrientations_iPad = "UIInterfaceOrientationPortrait UIInterfaceOrientationPortraitUpsideDown UIInterfaceOrientationLandscapeLeft UIInterfaceOrientationLandscapeRight";
				INFOPLIST_KEY_UISupportedInterfaceOrientations_iPhone = "UIInterfaceOrientationPortrait UIInterfaceOrientationLandscapeLeft UIInterfaceOrientationLandscapeRight";
				IPHONEOS_DEPLOYMENT_TARGET = 15.0;
				LD_RUNPATH_SEARCH_PATHS = (
					"$(inherited)",
					"@executable_path/Frameworks",
				);
				MARKETING_VERSION = 1.0;
				PRODUCT_BUNDLE_IDENTIFIER = com.test.ThreeSidedTechTest;
				PRODUCT_NAME = "$(TARGET_NAME)";
				SUPPORTED_PLATFORMS = "iphoneos iphonesimulator";
				SUPPORTS_MACCATALYST = NO;
				SUPPORTS_MAC_DESIGNED_FOR_IPHONE_IPAD = NO;
				SWIFT_EMIT_LOC_STRINGS = YES;
				SWIFT_VERSION = 5.0;
				TARGETED_DEVICE_FAMILY = "1,2";
			};
			name = Debug;
		};
		5CA509C12AE5CC4C00545D53 /* Release */ = {
			isa = XCBuildConfiguration;
			buildSettings = {
				ASSETCATALOG_COMPILER_APPICON_NAME = AppIcon;
				ASSETCATALOG_COMPILER_GLOBAL_ACCENT_COLOR_NAME = AccentColor;
				CODE_SIGN_STYLE = Automatic;
				CURRENT_PROJECT_VERSION = 1;
				DEVELOPMENT_ASSET_PATHS = "\"ThreeSidedTechTest/Preview Content\"";
				DEVELOPMENT_TEAM = GPZK4U9M36;
				ENABLE_PREVIEWS = YES;
				GENERATE_INFOPLIST_FILE = YES;
				INFOPLIST_KEY_UIApplicationSceneManifest_Generation = YES;
				INFOPLIST_KEY_UIApplicationSupportsIndirectInputEvents = YES;
				INFOPLIST_KEY_UILaunchScreen_Generation = YES;
				INFOPLIST_KEY_UISupportedInterfaceOrientations_iPad = "UIInterfaceOrientationPortrait UIInterfaceOrientationPortraitUpsideDown UIInterfaceOrientationLandscapeLeft UIInterfaceOrientationLandscapeRight";
				INFOPLIST_KEY_UISupportedInterfaceOrientations_iPhone = "UIInterfaceOrientationPortrait UIInterfaceOrientationLandscapeLeft UIInterfaceOrientationLandscapeRight";
				IPHONEOS_DEPLOYMENT_TARGET = 15.0;
				LD_RUNPATH_SEARCH_PATHS = (
					"$(inherited)",
					"@executable_path/Frameworks",
				);
				MARKETING_VERSION = 1.0;
				PRODUCT_BUNDLE_IDENTIFIER = com.test.ThreeSidedTechTest;
				PRODUCT_NAME = "$(TARGET_NAME)";
				SUPPORTED_PLATFORMS = "iphoneos iphonesimulator";
				SUPPORTS_MACCATALYST = NO;
				SUPPORTS_MAC_DESIGNED_FOR_IPHONE_IPAD = NO;
				SWIFT_EMIT_LOC_STRINGS = YES;
				SWIFT_VERSION = 5.0;
				TARGETED_DEVICE_FAMILY = "1,2";
			};
			name = Release;
		};
/* End XCBuildConfiguration section */

/* Begin XCConfigurationList section */
		5CA509AC2AE5CC4B00545D53 /* Build configuration list for PBXProject "ThreeSidedTechTest" */ = {
			isa = XCConfigurationList;
			buildConfigurations = (
				5CA509BD2AE5CC4C00545D53 /* Debug */,
				5CA509BE2AE5CC4C00545D53 /* Release */,
			);
			defaultConfigurationIsVisible = 0;
			defaultConfigurationName = Release;
		};
		5CA509BF2AE5CC4C00545D53 /* Build configuration list for PBXNativeTarget "ThreeSidedTechTest" */ = {
			isa = XCConfigurationList;
			buildConfigurations = (
				5CA509C02AE5CC4C00545D53 /* Debug */,
				5CA509C12AE5CC4C00545D53 /* Release */,
			);
			defaultConfigurationIsVisible = 0;
			defaultConfigurationName = Release;
		};
/* End XCConfigurationList section */
	};
	rootObject = 5CA509A92AE5CC4B00545D53 /* Project object */;
}
